
Microsoft Visual Studio Solution File, Format Version 12.00
# Visual Studio Version 17
VisualStudioVersion = 17.13.35825.156
MinimumVisualStudioVersion = 10.0.40219.1
Project("{2150E333-8FDC-42A3-9474-1A3956D46DE8}") = "src", "src", "{02EA681E-C7D8-13C7-8484-4AC65E1B71E8}"
EndProject
Project("{2150E333-8FDC-42A3-9474-1A3956D46DE8}") = "01.Domain", "01.Domain", "{050D5FB5-BA41-48B4-A893-F80360C7756A}"
EndProject
Project("{2150E333-8FDC-42A3-9474-1A3956D46DE8}") = "02.Infrastructure", "02.Infrastructure", "{1AEF436B-F4DF-49C4-A89A-8CE9383602F7}"
EndProject
Project("{2150E333-8FDC-42A3-9474-1A3956D46DE8}") = "03.Presentation", "03.Presentation", "{D0957DF8-B2FE-423D-83E5-40E0BD5F90BC}"
EndProject
Project("{2150E333-8FDC-42A3-9474-1A3956D46DE8}") = "Core", "Core", "{C6F4E575-6206-4C74-BC34-D3C0EEB76558}"
EndProject
Project("{2150E333-8FDC-42A3-9474-1A3956D46DE8}") = "Services", "Services", "{FAE70C7A-25B7-4A38-8B40-CA5FE2E920EF}"
EndProject
Project("{FAE04EC0-301F-11D3-BF4B-00C04F79EFBC}") = "ToDoApp.Domain.Core", "src\01.Domain\Core\ToDoApp.Domain.Core\ToDoApp.Domain.Core.csproj", "{873C5790-A158-43A3-9DD7-5EDFC823D623}"
EndProject
Project("{2150E333-8FDC-42A3-9474-1A3956D46DE8}") = "DataAccess", "DataAccess", "{B922B739-FE44-41D9-865A-EFF3A309BEB4}"
EndProject
Project("{2150E333-8FDC-42A3-9474-1A3956D46DE8}") = "DB", "DB", "{C5628EE6-488D-46CE-B3C4-0DCE495EAEDE}"
EndProject
Project("{FAE04EC0-301F-11D3-BF4B-00C04F79EFBC}") = "ToDoApp.Infrastructure.Repositories.EFCore", "src\02.Infrastructure\DataAccess\ToDoApp.Infrastructure.Repositories.EFCore\ToDoApp.Infrastructure.Repositories.EFCore.csproj", "{D1073AC8-B73B-4EB8-83C6-C786498867A3}"
EndProject
Project("{FAE04EC0-301F-11D3-BF4B-00C04F79EFBC}") = "ToDoApp.Infrastructure.DB.SqlServer.EFCore", "src\02.Infrastructure\DB\ToDoApp.Infrastructure.DB.SqlServer.EFCore\ToDoApp.Infrastructure.DB.SqlServer.EFCore.csproj", "{55609385-2D5E-4045-8DFF-CDA89F973EA6}"
EndProject
Project("{2150E333-8FDC-42A3-9474-1A3956D46DE8}") = "File", "File", "{9CAE11EA-9906-4E7E-829A-97BD5A6E880E}"
EndProject
Project("{FAE04EC0-301F-11D3-BF4B-00C04F79EFBC}") = "ToDoApp.Infrastructure.FileService", "src\02.Infrastructure\File\ToDoApp.Infrastructure.FileService\ToDoApp.Infrastructure.FileService.csproj", "{5782DA9F-6F91-44D3-8FA5-DC3214695A0C}"
EndProject
Project("{FAE04EC0-301F-11D3-BF4B-00C04F79EFBC}") = "ToDoApp.Presentation.MVC", "src\03.Presentation\ToDoApp.Presentation.MVC\ToDoApp.Presentation.MVC.csproj", "{AE168E80-674E-4154-A502-AB3EA1813E32}"
EndProject
Project("{FAE04EC0-301F-11D3-BF4B-00C04F79EFBC}") = "ToDoApp.Domain.Services", "src\01.Domain\Services\ToDoApp.Domain.Services\ToDoApp.Domain.Services.csproj", "{D7C0847F-971B-4928-9DD5-E2B29964F881}"
EndProject
Project("{FAE04EC0-301F-11D3-BF4B-00C04F79EFBC}") = "ToDoApp.Domain.ApplicationServices", "src\01.Domain\Services\ToDoApp.Domain.ApplicationServices\ToDoApp.Domain.ApplicationServices.csproj", "{77A6B7C0-7CB2-415A-81C4-DF9CF1CF16F7}"
EndProject
Global
	GlobalSection(SolutionConfigurationPlatforms) = preSolution
		Debug|Any CPU = Debug|Any CPU
		Release|Any CPU = Release|Any CPU
	EndGlobalSection
	GlobalSection(ProjectConfigurationPlatforms) = postSolution
		{873C5790-A158-43A3-9DD7-5EDFC823D623}.Debug|Any CPU.ActiveCfg = Debug|Any CPU
		{873C5790-A158-43A3-9DD7-5EDFC823D623}.Debug|Any CPU.Build.0 = Debug|Any CPU
		{873C5790-A158-43A3-9DD7-5EDFC823D623}.Release|Any CPU.ActiveCfg = Release|Any CPU
		{873C5790-A158-43A3-9DD7-5EDFC823D623}.Release|Any CPU.Build.0 = Release|Any CPU
		{D1073AC8-B73B-4EB8-83C6-C786498867A3}.Debug|Any CPU.ActiveCfg = Debug|Any CPU
		{D1073AC8-B73B-4EB8-83C6-C786498867A3}.Debug|Any CPU.Build.0 = Debug|Any CPU
		{D1073AC8-B73B-4EB8-83C6-C786498867A3}.Release|Any CPU.ActiveCfg = Release|Any CPU
		{D1073AC8-B73B-4EB8-83C6-C786498867A3}.Release|Any CPU.Build.0 = Release|Any CPU
		{55609385-2D5E-4045-8DFF-CDA89F973EA6}.Debug|Any CPU.ActiveCfg = Debug|Any CPU
		{55609385-2D5E-4045-8DFF-CDA89F973EA6}.Debug|Any CPU.Build.0 = Debug|Any CPU
		{55609385-2D5E-4045-8DFF-CDA89F973EA6}.Release|Any CPU.ActiveCfg = Release|Any CPU
		{55609385-2D5E-4045-8DFF-CDA89F973EA6}.Release|Any CPU.Build.0 = Release|Any CPU
		{5782DA9F-6F91-44D3-8FA5-DC3214695A0C}.Debug|Any CPU.ActiveCfg = Debug|Any CPU
		{5782DA9F-6F91-44D3-8FA5-DC3214695A0C}.Debug|Any CPU.Build.0 = Debug|Any CPU
		{5782DA9F-6F91-44D3-8FA5-DC3214695A0C}.Release|Any CPU.ActiveCfg = Release|Any CPU
		{5782DA9F-6F91-44D3-8FA5-DC3214695A0C}.Release|Any CPU.Build.0 = Release|Any CPU
		{AE168E80-674E-4154-A502-AB3EA1813E32}.Debug|Any CPU.ActiveCfg = Debug|Any CPU
		{AE168E80-674E-4154-A502-AB3EA1813E32}.Debug|Any CPU.Build.0 = Debug|Any CPU
		{AE168E80-674E-4154-A502-AB3EA1813E32}.Release|Any CPU.ActiveCfg = Release|Any CPU
		{AE168E80-674E-4154-A502-AB3EA1813E32}.Release|Any CPU.Build.0 = Release|Any CPU
		{D7C0847F-971B-4928-9DD5-E2B29964F881}.Debug|Any CPU.ActiveCfg = Debug|Any CPU
		{D7C0847F-971B-4928-9DD5-E2B29964F881}.Debug|Any CPU.Build.0 = Debug|Any CPU
		{D7C0847F-971B-4928-9DD5-E2B29964F881}.Release|Any CPU.ActiveCfg = Release|Any CPU
		{D7C0847F-971B-4928-9DD5-E2B29964F881}.Release|Any CPU.Build.0 = Release|Any CPU
		{77A6B7C0-7CB2-415A-81C4-DF9CF1CF16F7}.Debug|Any CPU.ActiveCfg = Debug|Any CPU
		{77A6B7C0-7CB2-415A-81C4-DF9CF1CF16F7}.Debug|Any CPU.Build.0 = Debug|Any CPU
		{77A6B7C0-7CB2-415A-81C4-DF9CF1CF16F7}.Release|Any CPU.ActiveCfg = Release|Any CPU
		{77A6B7C0-7CB2-415A-81C4-DF9CF1CF16F7}.Release|Any CPU.Build.0 = Release|Any CPU
	EndGlobalSection
	GlobalSection(SolutionProperties) = preSolution
		HideSolutionNode = FALSE
	EndGlobalSection
	GlobalSection(NestedProjects) = preSolution
		{050D5FB5-BA41-48B4-A893-F80360C7756A} = {02EA681E-C7D8-13C7-8484-4AC65E1B71E8}
		{1AEF436B-F4DF-49C4-A89A-8CE9383602F7} = {02EA681E-C7D8-13C7-8484-4AC65E1B71E8}
		{D0957DF8-B2FE-423D-83E5-40E0BD5F90BC} = {02EA681E-C7D8-13C7-8484-4AC65E1B71E8}
		{C6F4E575-6206-4C74-BC34-D3C0EEB76558} = {050D5FB5-BA41-48B4-A893-F80360C7756A}
		{FAE70C7A-25B7-4A38-8B40-CA5FE2E920EF} = {050D5FB5-BA41-48B4-A893-F80360C7756A}
		{873C5790-A158-43A3-9DD7-5EDFC823D623} = {C6F4E575-6206-4C74-BC34-D3C0EEB76558}
		{B922B739-FE44-41D9-865A-EFF3A309BEB4} = {1AEF436B-F4DF-49C4-A89A-8CE9383602F7}
		{C5628EE6-488D-46CE-B3C4-0DCE495EAEDE} = {1AEF436B-F4DF-49C4-A89A-8CE9383602F7}
		{D1073AC8-B73B-4EB8-83C6-C786498867A3} = {B922B739-FE44-41D9-865A-EFF3A309BEB4}
		{55609385-2D5E-4045-8DFF-CDA89F973EA6} = {C5628EE6-488D-46CE-B3C4-0DCE495EAEDE}
		{9CAE11EA-9906-4E7E-829A-97BD5A6E880E} = {1AEF436B-F4DF-49C4-A89A-8CE9383602F7}
		{5782DA9F-6F91-44D3-8FA5-DC3214695A0C} = {9CAE11EA-9906-4E7E-829A-97BD5A6E880E}
		{AE168E80-674E-4154-A502-AB3EA1813E32} = {D0957DF8-B2FE-423D-83E5-40E0BD5F90BC}
		{D7C0847F-971B-4928-9DD5-E2B29964F881} = {FAE70C7A-25B7-4A38-8B40-CA5FE2E920EF}
		{77A6B7C0-7CB2-415A-81C4-DF9CF1CF16F7} = {FAE70C7A-25B7-4A38-8B40-CA5FE2E920EF}
	EndGlobalSection
	GlobalSection(ExtensibilityGlobals) = postSolution
		SolutionGuid = {0346247B-9E7D-43A5-91A5-FB3ECCDA2C93}
	EndGlobalSection
EndGlobal
